
Microsoft Visual Studio Solution File, Format Version 12.00
# Visual Studio Version 17
VisualStudioVersion = 17.5.002.0
MinimumVisualStudioVersion = 10.0.40219.1
Project("{9A19103F-16F7-4668-BE54-9A1E7A4F7556}") = "TaskOne", "TaskOne.csproj", "{9CE0DC6B-39B8-4122-9CFF-017E523CAC44}"
EndProject
Global
	GlobalSection(SolutionConfigurationPlatforms) = preSolution
		Debug|Any CPU = Debug|Any CPU
		Release|Any CPU = Release|Any CPU
	EndGlobalSection
	GlobalSection(ProjectConfigurationPlatforms) = postSolution
		{9CE0DC6B-39B8-4122-9CFF-017E523CAC44}.Debug|Any CPU.ActiveCfg = Debug|Any CPU
		{9CE0DC6B-39B8-4122-9CFF-017E523CAC44}.Debug|Any CPU.Build.0 = Debug|Any CPU
		{9CE0DC6B-39B8-4122-9CFF-017E523CAC44}.Release|Any CPU.ActiveCfg = Release|Any CPU
		{9CE0DC6B-39B8-4122-9CFF-017E523CAC44}.Release|Any CPU.Build.0 = Release|Any CPU
	EndGlobalSection
	GlobalSection(SolutionProperties) = preSolution
		HideSolutionNode = FALSE
	EndGlobalSection
	GlobalSection(ExtensibilityGlobals) = postSolution
		SolutionGuid = {4E2E8344-6C24-40BC-8BBF-8CCABEFB2020}
	EndGlobalSection
EndGlobal
